
Microsoft Visual Studio Solution File, Format Version 12.00
# Visual Studio Version 16
VisualStudioVersion = 16.0.30011.22
MinimumVisualStudioVersion = 10.0.40219.1
Project("{2150E333-8FDC-42A3-9474-1A3956D46DE8}") = "Application", "Application", "{5303B3E7-4405-4CAE-B7FD-D180E2C7B2ED}"
EndProject
Project("{2150E333-8FDC-42A3-9474-1A3956D46DE8}") = "DomainModel", "DomainModel", "{F97E1042-D9A5-4DE6-9A28-2E13962DE532}"
EndProject
Project("{2150E333-8FDC-42A3-9474-1A3956D46DE8}") = "Infrastructure", "Infrastructure", "{14DC004A-C80C-44EA-B666-95BB3650B0F0}"
EndProject
Project("{2150E333-8FDC-42A3-9474-1A3956D46DE8}") = "src", "src", "{1102013E-7CD2-4802-8534-9BEA3EB45041}"
EndProject
Project("{2150E333-8FDC-42A3-9474-1A3956D46DE8}") = "ApiGateways", "ApiGateways", "{84645EA4-5CCA-4242-AF80-9A4014776EC3}"
EndProject
Project("{2150E333-8FDC-42A3-9474-1A3956D46DE8}") = "Services", "Services", "{1236A076-C674-4C9F-9027-9D28BF4DBB5A}"
EndProject
Project("{2150E333-8FDC-42A3-9474-1A3956D46DE8}") = "VehicleAdmin", "VehicleAdmin", "{2B1F7558-4C11-4E83-BA73-586363A62266}"
EndProject
Project("{2150E333-8FDC-42A3-9474-1A3956D46DE8}") = "Testing", "Testing", "{3F818049-D576-41D5-982A-DE1E8839FFBE}"
EndProject
Project("{2150E333-8FDC-42A3-9474-1A3956D46DE8}") = "VehicleSales", "VehicleSales", "{5272A653-1B50-40D0-9D65-8DAB2D5B339D}"
EndProject
Project("{2150E333-8FDC-42A3-9474-1A3956D46DE8}") = "VehicleAgents", "VehicleAgents", "{F57D8BC6-20CC-4701-900C-E2D4D23F04D6}"
EndProject
Project("{9A19103F-16F7-4668-BE54-9A1E7A4F7556}") = "OcelotAPIGateway", "src\ApiGateways\OcelotAPIGateway\OcelotAPIGateway.csproj", "{D63A0C03-75A3-419F-BA47-3EB3B6EFA146}"
EndProject
Project("{9A19103F-16F7-4668-BE54-9A1E7A4F7556}") = "VehicleAdmin.API", "src\Services\VehicleAdmin\Application\VehicleAdmin.API\VehicleAdmin.API.csproj", "{55C5BA88-0180-48E1-86B2-03870D62AE4C}"
EndProject
Project("{9A19103F-16F7-4668-BE54-9A1E7A4F7556}") = "VehicleAdmin.Application", "src\Services\VehicleAdmin\Application\VehicleAdmin.Application\VehicleAdmin.Application.csproj", "{862AF6D5-6B69-4924-8AA0-35EAA94C01C9}"
EndProject
Project("{9A19103F-16F7-4668-BE54-9A1E7A4F7556}") = "VehicleAdmin.DomainCore", "src\Services\VehicleAdmin\DomainModel\VehicleAdmin.DomainCore\VehicleAdmin.DomainCore.csproj", "{D32DBE93-CFEC-41FA-A21D-3ABA328E4C44}"
EndProject
Project("{9A19103F-16F7-4668-BE54-9A1E7A4F7556}") = "VehicleAdmin.Infrastructure", "src\Services\VehicleAdmin\Infrastructure\VehicleAdmin.Infrastructure\VehicleAdmin.Infrastructure.csproj", "{4ADF9678-4FC5-431C-A2A1-5C8CE66D269A}"
EndProject
Project("{9A19103F-16F7-4668-BE54-9A1E7A4F7556}") = "VehicleAdmin.Tests", "src\Services\VehicleAdmin\Testing\VehicleAdmin.Tests\VehicleAdmin.Tests.csproj", "{0D6DF325-580A-4CF0-84DC-F39E9031633D}"
EndProject
Global
	GlobalSection(SolutionConfigurationPlatforms) = preSolution
		Debug|Any CPU = Debug|Any CPU
		Release|Any CPU = Release|Any CPU
	EndGlobalSection
	GlobalSection(ProjectConfigurationPlatforms) = postSolution
		{D63A0C03-75A3-419F-BA47-3EB3B6EFA146}.Debug|Any CPU.ActiveCfg = Debug|Any CPU
		{D63A0C03-75A3-419F-BA47-3EB3B6EFA146}.Debug|Any CPU.Build.0 = Debug|Any CPU
		{D63A0C03-75A3-419F-BA47-3EB3B6EFA146}.Release|Any CPU.ActiveCfg = Release|Any CPU
		{D63A0C03-75A3-419F-BA47-3EB3B6EFA146}.Release|Any CPU.Build.0 = Release|Any CPU
		{55C5BA88-0180-48E1-86B2-03870D62AE4C}.Debug|Any CPU.ActiveCfg = Debug|Any CPU
		{55C5BA88-0180-48E1-86B2-03870D62AE4C}.Debug|Any CPU.Build.0 = Debug|Any CPU
		{55C5BA88-0180-48E1-86B2-03870D62AE4C}.Release|Any CPU.ActiveCfg = Release|Any CPU
		{55C5BA88-0180-48E1-86B2-03870D62AE4C}.Release|Any CPU.Build.0 = Release|Any CPU
		{862AF6D5-6B69-4924-8AA0-35EAA94C01C9}.Debug|Any CPU.ActiveCfg = Debug|Any CPU
		{862AF6D5-6B69-4924-8AA0-35EAA94C01C9}.Debug|Any CPU.Build.0 = Debug|Any CPU
		{862AF6D5-6B69-4924-8AA0-35EAA94C01C9}.Release|Any CPU.ActiveCfg = Release|Any CPU
		{862AF6D5-6B69-4924-8AA0-35EAA94C01C9}.Release|Any CPU.Build.0 = Release|Any CPU
		{D32DBE93-CFEC-41FA-A21D-3ABA328E4C44}.Debug|Any CPU.ActiveCfg = Debug|Any CPU
		{D32DBE93-CFEC-41FA-A21D-3ABA328E4C44}.Debug|Any CPU.Build.0 = Debug|Any CPU
		{D32DBE93-CFEC-41FA-A21D-3ABA328E4C44}.Release|Any CPU.ActiveCfg = Release|Any CPU
		{D32DBE93-CFEC-41FA-A21D-3ABA328E4C44}.Release|Any CPU.Build.0 = Release|Any CPU
		{4ADF9678-4FC5-431C-A2A1-5C8CE66D269A}.Debug|Any CPU.ActiveCfg = Debug|Any CPU
		{4ADF9678-4FC5-431C-A2A1-5C8CE66D269A}.Debug|Any CPU.Build.0 = Debug|Any CPU
		{4ADF9678-4FC5-431C-A2A1-5C8CE66D269A}.Release|Any CPU.ActiveCfg = Release|Any CPU
		{4ADF9678-4FC5-431C-A2A1-5C8CE66D269A}.Release|Any CPU.Build.0 = Release|Any CPU
		{0D6DF325-580A-4CF0-84DC-F39E9031633D}.Debug|Any CPU.ActiveCfg = Debug|Any CPU
		{0D6DF325-580A-4CF0-84DC-F39E9031633D}.Debug|Any CPU.Build.0 = Debug|Any CPU
		{0D6DF325-580A-4CF0-84DC-F39E9031633D}.Release|Any CPU.ActiveCfg = Release|Any CPU
		{0D6DF325-580A-4CF0-84DC-F39E9031633D}.Release|Any CPU.Build.0 = Release|Any CPU
	EndGlobalSection
	GlobalSection(SolutionProperties) = preSolution
		HideSolutionNode = FALSE
	EndGlobalSection
	GlobalSection(NestedProjects) = preSolution
		{5303B3E7-4405-4CAE-B7FD-D180E2C7B2ED} = {2B1F7558-4C11-4E83-BA73-586363A62266}
		{F97E1042-D9A5-4DE6-9A28-2E13962DE532} = {2B1F7558-4C11-4E83-BA73-586363A62266}
		{14DC004A-C80C-44EA-B666-95BB3650B0F0} = {2B1F7558-4C11-4E83-BA73-586363A62266}
		{84645EA4-5CCA-4242-AF80-9A4014776EC3} = {1102013E-7CD2-4802-8534-9BEA3EB45041}
		{1236A076-C674-4C9F-9027-9D28BF4DBB5A} = {1102013E-7CD2-4802-8534-9BEA3EB45041}
		{2B1F7558-4C11-4E83-BA73-586363A62266} = {1236A076-C674-4C9F-9027-9D28BF4DBB5A}
		{3F818049-D576-41D5-982A-DE1E8839FFBE} = {2B1F7558-4C11-4E83-BA73-586363A62266}
		{5272A653-1B50-40D0-9D65-8DAB2D5B339D} = {1236A076-C674-4C9F-9027-9D28BF4DBB5A}
		{F57D8BC6-20CC-4701-900C-E2D4D23F04D6} = {1236A076-C674-4C9F-9027-9D28BF4DBB5A}
		{D63A0C03-75A3-419F-BA47-3EB3B6EFA146} = {84645EA4-5CCA-4242-AF80-9A4014776EC3}
		{55C5BA88-0180-48E1-86B2-03870D62AE4C} = {5303B3E7-4405-4CAE-B7FD-D180E2C7B2ED}
		{862AF6D5-6B69-4924-8AA0-35EAA94C01C9} = {5303B3E7-4405-4CAE-B7FD-D180E2C7B2ED}
		{D32DBE93-CFEC-41FA-A21D-3ABA328E4C44} = {F97E1042-D9A5-4DE6-9A28-2E13962DE532}
		{4ADF9678-4FC5-431C-A2A1-5C8CE66D269A} = {14DC004A-C80C-44EA-B666-95BB3650B0F0}
		{0D6DF325-580A-4CF0-84DC-F39E9031633D} = {3F818049-D576-41D5-982A-DE1E8839FFBE}
	EndGlobalSection
	GlobalSection(ExtensibilityGlobals) = postSolution
		SolutionGuid = {2373204F-82CC-4318-8022-29C337B213E7}
	EndGlobalSection
EndGlobal
